langcode: en
status: true
dependencies:
  module:
    - notifications_widget
  theme:
    - panecom_bstrp
id: panecom_bstrp_notificationwidgetblock
theme: panecom_bstrp
region: content
weight: 0
provider: null
plugin: notification_widget_block
settings:
  id: notification_widget_block
  label: 'Vos notifications'
  label_display: visible
  provider: notifications_widget
  block_notification_type: '0'
  block_notification_logs_display: 1
visibility: {  }
