_core:
  default_config_hash: 2lo0hIx3RV2AgnE1fkdPLRQcYWGamMyouBoe2OiYk24
langcode: fr
id: search_block
uuid: 41c13ef6-984c-482b-a200-53721bc4ebd2
label: 'Search Block'
selector: ''
status: true
minChar: 3
autoSubmit: true
autoRedirect: true
maxSuggestions: 10
noResultLabel: 'No results found for [search-phrase]. Click to perform full search.'
noResultValue: '[search-phrase]'
noResultLink: ''
moreResultsLabel: 'View all results for [search-phrase].'
moreResultsValue: '[search-phrase]'
moreResultsLink: ''
source: 'autocompletion_callbacks_nodes::autocompletion_callback_1'
theme: minimal.css
editable: true
deletable: false
dependencies: {  }
